
Microsoft Visual Studio Solution File, Format Version 12.00
# Visual Studio 15
VisualStudioVersion = 15.0.28307.1145
MinimumVisualStudioVersion = 10.0.40219.1
Project("{FAE04EC0-301F-11D3-BF4B-00C04F79EFBC}") = "door_detect", "bincour_sharp\door_detect.csproj", "{E4D8E992-9C99-4832-BA0D-1433C49DAC70}"
EndProject
Global
	GlobalSection(SolutionConfigurationPlatforms) = preSolution
		Debug|Any CPU = Debug|Any CPU
		Debug|x86 = Debug|x86
		Release|Any CPU = Release|Any CPU
		Release|x86 = Release|x86
	EndGlobalSection
	GlobalSection(ProjectConfigurationPlatforms) = postSolution
		{E4D8E992-9C99-4832-BA0D-1433C49DAC70}.Debug|Any CPU.ActiveCfg = Debug|Any CPU
		{E4D8E992-9C99-4832-BA0D-1433C49DAC70}.Debug|Any CPU.Build.0 = Debug|Any CPU
		{E4D8E992-9C99-4832-BA0D-1433C49DAC70}.Debug|x86.ActiveCfg = Debug|x86
		{E4D8E992-9C99-4832-BA0D-1433C49DAC70}.Debug|x86.Build.0 = Debug|x86
		{E4D8E992-9C99-4832-BA0D-1433C49DAC70}.Release|Any CPU.ActiveCfg = Release|Any CPU
		{E4D8E992-9C99-4832-BA0D-1433C49DAC70}.Release|Any CPU.Build.0 = Release|Any CPU
		{E4D8E992-9C99-4832-BA0D-1433C49DAC70}.Release|x86.ActiveCfg = Release|x86
		{E4D8E992-9C99-4832-BA0D-1433C49DAC70}.Release|x86.Build.0 = Release|x86
	EndGlobalSection
	GlobalSection(SolutionProperties) = preSolution
		HideSolutionNode = FALSE
	EndGlobalSection
	GlobalSection(ExtensibilityGlobals) = postSolution
		SolutionGuid = {7D08D30A-9BF0-429C-B309-3117128F0D28}
	EndGlobalSection
EndGlobal
